
Microsoft Visual Studio Solution File, Format Version 12.00
# Visual Studio Version 16
VisualStudioVersion = 16.0.30413.136
MinimumVisualStudioVersion = 10.0.40219.1
Project("{FAE04EC0-301F-11D3-BF4B-00C04F79EFBC}") = "qs-telemetry-dashboard", "qs-telemetry-dashboard\qs-telemetry-dashboard.csproj", "{F92E2DBD-A4EF-4C2B-BAEC-39A08B40EDFC}"
EndProject
Global
	GlobalSection(SolutionConfigurationPlatforms) = preSolution
		Debug|Any CPU = Debug|Any CPU
		Release|Any CPU = Release|Any CPU
	EndGlobalSection
	GlobalSection(ProjectConfigurationPlatforms) = postSolution
		{F92E2DBD-A4EF-4C2B-BAEC-39A08B40EDFC}.Debug|Any CPU.ActiveCfg = Debug|Any CPU
		{F92E2DBD-A4EF-4C2B-BAEC-39A08B40EDFC}.Debug|Any CPU.Build.0 = Debug|Any CPU
		{F92E2DBD-A4EF-4C2B-BAEC-39A08B40EDFC}.Release|Any CPU.ActiveCfg = Release|Any CPU
		{F92E2DBD-A4EF-4C2B-BAEC-39A08B40EDFC}.Release|Any CPU.Build.0 = Release|Any CPU
	EndGlobalSection
	GlobalSection(SolutionProperties) = preSolution
		HideSolutionNode = FALSE
	EndGlobalSection
	GlobalSection(ExtensibilityGlobals) = postSolution
		SolutionGuid = {F4C8195B-8E08-4E86-9AD5-B039F3CA2462}
	EndGlobalSection
EndGlobal
